
Microsoft Visual Studio Solution File, Format Version 12.00
# Visual Studio Version 16
VisualStudioVersion = 16.0.31005.135
MinimumVisualStudioVersion = 10.0.40219.1
Project("{9A19103F-16F7-4668-BE54-9A1E7A4F7556}") = "MediaExplorer.Core", "MediaExplorer.Core\MediaExplorer.Core.csproj", "{50BE03D7-5A11-42D8-A956-297B1BF7835A}"
EndProject
Project("{9A19103F-16F7-4668-BE54-9A1E7A4F7556}") = "MediaExplorer.Wpf", "MediaExplorer.Wpf\MediaExplorer.Wpf.csproj", "{F011C610-C36D-47F1-B49E-F1EA229345FE}"
EndProject
Project("{FAE04EC0-301F-11D3-BF4B-00C04F79EFBC}") = "MediaExplorer.Uwp", "MediaExplorer.Uwp\MediaExplorer.Uwp.csproj", "{D5347B59-D87A-4367-84B6-82A9E42E12FB}"
EndProject
Global
	GlobalSection(SolutionConfigurationPlatforms) = preSolution
		Debug|Any CPU = Debug|Any CPU
		Debug|ARM = Debug|ARM
		Debug|ARM64 = Debug|ARM64
		Debug|x64 = Debug|x64
		Debug|x86 = Debug|x86
		Release|Any CPU = Release|Any CPU
		Release|ARM = Release|ARM
		Release|ARM64 = Release|ARM64
		Release|x64 = Release|x64
		Release|x86 = Release|x86
	EndGlobalSection
	GlobalSection(ProjectConfigurationPlatforms) = postSolution
		{50BE03D7-5A11-42D8-A956-297B1BF7835A}.Debug|Any CPU.ActiveCfg = Debug|Any CPU
		{50BE03D7-5A11-42D8-A956-297B1BF7835A}.Debug|Any CPU.Build.0 = Debug|Any CPU
		{50BE03D7-5A11-42D8-A956-297B1BF7835A}.Debug|ARM.ActiveCfg = Debug|Any CPU
		{50BE03D7-5A11-42D8-A956-297B1BF7835A}.Debug|ARM.Build.0 = Debug|Any CPU
		{50BE03D7-5A11-42D8-A956-297B1BF7835A}.Debug|ARM64.ActiveCfg = Debug|Any CPU
		{50BE03D7-5A11-42D8-A956-297B1BF7835A}.Debug|ARM64.Build.0 = Debug|Any CPU
		{50BE03D7-5A11-42D8-A956-297B1BF7835A}.Debug|x64.ActiveCfg = Debug|Any CPU
		{50BE03D7-5A11-42D8-A956-297B1BF7835A}.Debug|x64.Build.0 = Debug|Any CPU
		{50BE03D7-5A11-42D8-A956-297B1BF7835A}.Debug|x86.ActiveCfg = Debug|Any CPU
		{50BE03D7-5A11-42D8-A956-297B1BF7835A}.Debug|x86.Build.0 = Debug|Any CPU
		{50BE03D7-5A11-42D8-A956-297B1BF7835A}.Release|Any CPU.ActiveCfg = Release|Any CPU
		{50BE03D7-5A11-42D8-A956-297B1BF7835A}.Release|Any CPU.Build.0 = Release|Any CPU
		{50BE03D7-5A11-42D8-A956-297B1BF7835A}.Release|ARM.ActiveCfg = Release|Any CPU
		{50BE03D7-5A11-42D8-A956-297B1BF7835A}.Release|ARM.Build.0 = Release|Any CPU
		{50BE03D7-5A11-42D8-A956-297B1BF7835A}.Release|ARM64.ActiveCfg = Release|Any CPU
		{50BE03D7-5A11-42D8-A956-297B1BF7835A}.Release|ARM64.Build.0 = Release|Any CPU
		{50BE03D7-5A11-42D8-A956-297B1BF7835A}.Release|x64.ActiveCfg = Release|Any CPU
		{50BE03D7-5A11-42D8-A956-297B1BF7835A}.Release|x64.Build.0 = Release|Any CPU
		{50BE03D7-5A11-42D8-A956-297B1BF7835A}.Release|x86.ActiveCfg = Release|Any CPU
		{50BE03D7-5A11-42D8-A956-297B1BF7835A}.Release|x86.Build.0 = Release|Any CPU
		{F011C610-C36D-47F1-B49E-F1EA229345FE}.Debug|Any CPU.ActiveCfg = Debug|Any CPU
		{F011C610-C36D-47F1-B49E-F1EA229345FE}.Debug|Any CPU.Build.0 = Debug|Any CPU
		{F011C610-C36D-47F1-B49E-F1EA229345FE}.Debug|ARM.ActiveCfg = Debug|Any CPU
		{F011C610-C36D-47F1-B49E-F1EA229345FE}.Debug|ARM.Build.0 = Debug|Any CPU
		{F011C610-C36D-47F1-B49E-F1EA229345FE}.Debug|ARM64.ActiveCfg = Debug|Any CPU
		{F011C610-C36D-47F1-B49E-F1EA229345FE}.Debug|ARM64.Build.0 = Debug|Any CPU
		{F011C610-C36D-47F1-B49E-F1EA229345FE}.Debug|x64.ActiveCfg = Debug|Any CPU
		{F011C610-C36D-47F1-B49E-F1EA229345FE}.Debug|x64.Build.0 = Debug|Any CPU
		{F011C610-C36D-47F1-B49E-F1EA229345FE}.Debug|x86.ActiveCfg = Debug|Any CPU
		{F011C610-C36D-47F1-B49E-F1EA229345FE}.Debug|x86.Build.0 = Debug|Any CPU
		{F011C610-C36D-47F1-B49E-F1EA229345FE}.Release|Any CPU.ActiveCfg = Release|Any CPU
		{F011C610-C36D-47F1-B49E-F1EA229345FE}.Release|Any CPU.Build.0 = Release|Any CPU
		{F011C610-C36D-47F1-B49E-F1EA229345FE}.Release|ARM.ActiveCfg = Release|Any CPU
		{F011C610-C36D-47F1-B49E-F1EA229345FE}.Release|ARM.Build.0 = Release|Any CPU
		{F011C610-C36D-47F1-B49E-F1EA229345FE}.Release|ARM64.ActiveCfg = Release|Any CPU
		{F011C610-C36D-47F1-B49E-F1EA229345FE}.Release|ARM64.Build.0 = Release|Any CPU
		{F011C610-C36D-47F1-B49E-F1EA229345FE}.Release|x64.ActiveCfg = Release|Any CPU
		{F011C610-C36D-47F1-B49E-F1EA229345FE}.Release|x64.Build.0 = Release|Any CPU
		{F011C610-C36D-47F1-B49E-F1EA229345FE}.Release|x86.ActiveCfg = Release|Any CPU
		{F011C610-C36D-47F1-B49E-F1EA229345FE}.Release|x86.Build.0 = Release|Any CPU
		{D5347B59-D87A-4367-84B6-82A9E42E12FB}.Debug|Any CPU.ActiveCfg = Debug|x86
		{D5347B59-D87A-4367-84B6-82A9E42E12FB}.Debug|ARM.ActiveCfg = Debug|ARM
		{D5347B59-D87A-4367-84B6-82A9E42E12FB}.Debug|ARM.Build.0 = Debug|ARM
		{D5347B59-D87A-4367-84B6-82A9E42E12FB}.Debug|ARM.Deploy.0 = Debug|ARM
		{D5347B59-D87A-4367-84B6-82A9E42E12FB}.Debug|ARM64.ActiveCfg = Debug|ARM64
		{D5347B59-D87A-4367-84B6-82A9E42E12FB}.Debug|ARM64.Build.0 = Debug|ARM64
		{D5347B59-D87A-4367-84B6-82A9E42E12FB}.Debug|ARM64.Deploy.0 = Debug|ARM64
		{D5347B59-D87A-4367-84B6-82A9E42E12FB}.Debug|x64.ActiveCfg = Debug|x64
		{D5347B59-D87A-4367-84B6-82A9E42E12FB}.Debug|x64.Build.0 = Debug|x64
		{D5347B59-D87A-4367-84B6-82A9E42E12FB}.Debug|x64.Deploy.0 = Debug|x64
		{D5347B59-D87A-4367-84B6-82A9E42E12FB}.Debug|x86.ActiveCfg = Debug|x86
		{D5347B59-D87A-4367-84B6-82A9E42E12FB}.Debug|x86.Build.0 = Debug|x86
		{D5347B59-D87A-4367-84B6-82A9E42E12FB}.Debug|x86.Deploy.0 = Debug|x86
		{D5347B59-D87A-4367-84B6-82A9E42E12FB}.Release|Any CPU.ActiveCfg = Release|x86
		{D5347B59-D87A-4367-84B6-82A9E42E12FB}.Release|ARM.ActiveCfg = Release|ARM
		{D5347B59-D87A-4367-84B6-82A9E42E12FB}.Release|ARM.Build.0 = Release|ARM
		{D5347B59-D87A-4367-84B6-82A9E42E12FB}.Release|ARM.Deploy.0 = Release|ARM
		{D5347B59-D87A-4367-84B6-82A9E42E12FB}.Release|ARM64.ActiveCfg = Release|ARM64
		{D5347B59-D87A-4367-84B6-82A9E42E12FB}.Release|ARM64.Build.0 = Release|ARM64
		{D5347B59-D87A-4367-84B6-82A9E42E12FB}.Release|ARM64.Deploy.0 = Release|ARM64
		{D5347B59-D87A-4367-84B6-82A9E42E12FB}.Release|x64.ActiveCfg = Release|x64
		{D5347B59-D87A-4367-84B6-82A9E42E12FB}.Release|x64.Build.0 = Release|x64
		{D5347B59-D87A-4367-84B6-82A9E42E12FB}.Release|x64.Deploy.0 = Release|x64
		{D5347B59-D87A-4367-84B6-82A9E42E12FB}.Release|x86.ActiveCfg = Release|x86
		{D5347B59-D87A-4367-84B6-82A9E42E12FB}.Release|x86.Build.0 = Release|x86
		{D5347B59-D87A-4367-84B6-82A9E42E12FB}.Release|x86.Deploy.0 = Release|x86
	EndGlobalSection
	GlobalSection(SolutionProperties) = preSolution
		HideSolutionNode = FALSE
	EndGlobalSection
	GlobalSection(ExtensibilityGlobals) = postSolution
		SolutionGuid = {5F02B946-28B4-4478-9004-79BFAD4EDB3A}
	EndGlobalSection
EndGlobal
